
Microsoft Visual Studio Solution File, Format Version 12.00
Project("{FAE04EC0-301F-11D3-BF4B-00C04F79EFBC}") = "LudumDare53.API", "LudumDare53.API\LudumDare53.API.csproj", "{A7E9AD94-9A21-498B-B6AD-459B157141E0}"
EndProject
Project("{FAE04EC0-301F-11D3-BF4B-00C04F79EFBC}") = "LudumDare53.API.Models", "LudumDare53.API.Models\LudumDare53.API.Models.csproj", "{3D4F77C1-2DAB-4682-9F04-2423021EE736}"
EndProject
Global
	GlobalSection(SolutionConfigurationPlatforms) = preSolution
		Debug|Any CPU = Debug|Any CPU
		Release|Any CPU = Release|Any CPU
	EndGlobalSection
	GlobalSection(ProjectConfigurationPlatforms) = postSolution
		{A7E9AD94-9A21-498B-B6AD-459B157141E0}.Debug|Any CPU.ActiveCfg = Debug|Any CPU
		{A7E9AD94-9A21-498B-B6AD-459B157141E0}.Debug|Any CPU.Build.0 = Debug|Any CPU
		{A7E9AD94-9A21-498B-B6AD-459B157141E0}.Release|Any CPU.ActiveCfg = Release|Any CPU
		{A7E9AD94-9A21-498B-B6AD-459B157141E0}.Release|Any CPU.Build.0 = Release|Any CPU
		{3D4F77C1-2DAB-4682-9F04-2423021EE736}.Debug|Any CPU.ActiveCfg = Debug|Any CPU
		{3D4F77C1-2DAB-4682-9F04-2423021EE736}.Debug|Any CPU.Build.0 = Debug|Any CPU
		{3D4F77C1-2DAB-4682-9F04-2423021EE736}.Release|Any CPU.ActiveCfg = Release|Any CPU
		{3D4F77C1-2DAB-4682-9F04-2423021EE736}.Release|Any CPU.Build.0 = Release|Any CPU
	EndGlobalSection
EndGlobal
